
Microsoft Visual Studio Solution File, Format Version 12.00
# Visual Studio Version 17
VisualStudioVersion = 17.11.35312.102
MinimumVisualStudioVersion = 10.0.40219.1
Project("{FAE04EC0-301F-11D3-BF4B-00C04F79EFBC}") = "ControleDeEstoqueAPI", "ControleDeEstoqueAPI\ControleDeEstoqueAPI.csproj", "{906A1D54-FCC7-42E8-A81B-9500D3BAC825}"
EndProject
Global
	GlobalSection(SolutionConfigurationPlatforms) = preSolution
		Debug|Any CPU = Debug|Any CPU
		Release|Any CPU = Release|Any CPU
	EndGlobalSection
	GlobalSection(ProjectConfigurationPlatforms) = postSolution
		{906A1D54-FCC7-42E8-A81B-9500D3BAC825}.Debug|Any CPU.ActiveCfg = Debug|Any CPU
		{906A1D54-FCC7-42E8-A81B-9500D3BAC825}.Debug|Any CPU.Build.0 = Debug|Any CPU
		{906A1D54-FCC7-42E8-A81B-9500D3BAC825}.Release|Any CPU.ActiveCfg = Release|Any CPU
		{906A1D54-FCC7-42E8-A81B-9500D3BAC825}.Release|Any CPU.Build.0 = Release|Any CPU
	EndGlobalSection
	GlobalSection(SolutionProperties) = preSolution
		HideSolutionNode = FALSE
	EndGlobalSection
	GlobalSection(ExtensibilityGlobals) = postSolution
		SolutionGuid = {04C1B5DC-917B-4495-940A-5FA7A0C0B36D}
	EndGlobalSection
EndGlobal
